
Microsoft Visual Studio Solution File, Format Version 12.00
# Visual Studio 14
VisualStudioVersion = 14.0.25420.1
MinimumVisualStudioVersion = 10.0.40219.1
Project("{FAE04EC0-301F-11D3-BF4B-00C04F79EFBC}") = "MapPointsCurrencyExchange", "MapPointsCurrencyExchange\MapPointsCurrencyExchange.csproj", "{B4E0D15C-550E-419C-B008-2C0415AA0647}"
EndProject
Project("{FAE04EC0-301F-11D3-BF4B-00C04F79EFBC}") = "CurrencyExchangeDAL", "CurrencyExchangeDAL\CurrencyExchangeDAL.csproj", "{18343928-06F6-407C-BFCA-07E0B99522B8}"
EndProject
Project("{FAE04EC0-301F-11D3-BF4B-00C04F79EFBC}") = "WorkWithMap", "WorkWithMap\WorkWithMap.csproj", "{3C411FBC-4C89-4945-AC52-91293CE1F2EE}"
EndProject
Project("{FAE04EC0-301F-11D3-BF4B-00C04F79EFBC}") = "WorkWithXML", "WorkWithXML\WorkWithXML.csproj", "{8FD1B14D-5D2D-4DA8-9965-F657A778ED18}"
EndProject
Project("{FAE04EC0-301F-11D3-BF4B-00C04F79EFBC}") = "DBWorker", "DBWorker\DBWorker.csproj", "{D2CC3106-DCF6-4809-A472-0CD8FC282838}"
EndProject
Global
	GlobalSection(SolutionConfigurationPlatforms) = preSolution
		Debug|Any CPU = Debug|Any CPU
		Release|Any CPU = Release|Any CPU
	EndGlobalSection
	GlobalSection(ProjectConfigurationPlatforms) = postSolution
		{B4E0D15C-550E-419C-B008-2C0415AA0647}.Debug|Any CPU.ActiveCfg = Debug|Any CPU
		{B4E0D15C-550E-419C-B008-2C0415AA0647}.Debug|Any CPU.Build.0 = Debug|Any CPU
		{B4E0D15C-550E-419C-B008-2C0415AA0647}.Release|Any CPU.ActiveCfg = Release|Any CPU
		{B4E0D15C-550E-419C-B008-2C0415AA0647}.Release|Any CPU.Build.0 = Release|Any CPU
		{18343928-06F6-407C-BFCA-07E0B99522B8}.Debug|Any CPU.ActiveCfg = Debug|Any CPU
		{18343928-06F6-407C-BFCA-07E0B99522B8}.Debug|Any CPU.Build.0 = Debug|Any CPU
		{18343928-06F6-407C-BFCA-07E0B99522B8}.Release|Any CPU.ActiveCfg = Release|Any CPU
		{18343928-06F6-407C-BFCA-07E0B99522B8}.Release|Any CPU.Build.0 = Release|Any CPU
		{3C411FBC-4C89-4945-AC52-91293CE1F2EE}.Debug|Any CPU.ActiveCfg = Debug|Any CPU
		{3C411FBC-4C89-4945-AC52-91293CE1F2EE}.Debug|Any CPU.Build.0 = Debug|Any CPU
		{3C411FBC-4C89-4945-AC52-91293CE1F2EE}.Release|Any CPU.ActiveCfg = Release|Any CPU
		{3C411FBC-4C89-4945-AC52-91293CE1F2EE}.Release|Any CPU.Build.0 = Release|Any CPU
		{8FD1B14D-5D2D-4DA8-9965-F657A778ED18}.Debug|Any CPU.ActiveCfg = Debug|Any CPU
		{8FD1B14D-5D2D-4DA8-9965-F657A778ED18}.Debug|Any CPU.Build.0 = Debug|Any CPU
		{8FD1B14D-5D2D-4DA8-9965-F657A778ED18}.Release|Any CPU.ActiveCfg = Release|Any CPU
		{8FD1B14D-5D2D-4DA8-9965-F657A778ED18}.Release|Any CPU.Build.0 = Release|Any CPU
		{D2CC3106-DCF6-4809-A472-0CD8FC282838}.Debug|Any CPU.ActiveCfg = Debug|Any CPU
		{D2CC3106-DCF6-4809-A472-0CD8FC282838}.Debug|Any CPU.Build.0 = Debug|Any CPU
		{D2CC3106-DCF6-4809-A472-0CD8FC282838}.Release|Any CPU.ActiveCfg = Release|Any CPU
		{D2CC3106-DCF6-4809-A472-0CD8FC282838}.Release|Any CPU.Build.0 = Release|Any CPU
	EndGlobalSection
	GlobalSection(SolutionProperties) = preSolution
		HideSolutionNode = FALSE
	EndGlobalSection
EndGlobal
