
Microsoft Visual Studio Solution File, Format Version 12.00
# Visual Studio 15
VisualStudioVersion = 15.0.27428.2015
MinimumVisualStudioVersion = 10.0.40219.1
Project("{FAE04EC0-301F-11D3-BF4B-00C04F79EFBC}") = "Terminal", "Task_1\Terminal.csproj", "{5AC1E59A-E19F-493E-A41F-257A59BC3894}"
EndProject
Project("{FAE04EC0-301F-11D3-BF4B-00C04F79EFBC}") = "BankSystem", "BankSystem\BankSystem.csproj", "{E4132CA6-1E08-4C8E-9939-BC59AEAAB895}"
EndProject
Global
	GlobalSection(SolutionConfigurationPlatforms) = preSolution
		Debug|Any CPU = Debug|Any CPU
		Release|Any CPU = Release|Any CPU
	EndGlobalSection
	GlobalSection(ProjectConfigurationPlatforms) = postSolution
		{5AC1E59A-E19F-493E-A41F-257A59BC3894}.Debug|Any CPU.ActiveCfg = Debug|Any CPU
		{5AC1E59A-E19F-493E-A41F-257A59BC3894}.Debug|Any CPU.Build.0 = Debug|Any CPU
		{5AC1E59A-E19F-493E-A41F-257A59BC3894}.Release|Any CPU.ActiveCfg = Release|Any CPU
		{5AC1E59A-E19F-493E-A41F-257A59BC3894}.Release|Any CPU.Build.0 = Release|Any CPU
		{E4132CA6-1E08-4C8E-9939-BC59AEAAB895}.Debug|Any CPU.ActiveCfg = Debug|Any CPU
		{E4132CA6-1E08-4C8E-9939-BC59AEAAB895}.Debug|Any CPU.Build.0 = Debug|Any CPU
		{E4132CA6-1E08-4C8E-9939-BC59AEAAB895}.Release|Any CPU.ActiveCfg = Release|Any CPU
		{E4132CA6-1E08-4C8E-9939-BC59AEAAB895}.Release|Any CPU.Build.0 = Release|Any CPU
	EndGlobalSection
	GlobalSection(SolutionProperties) = preSolution
		HideSolutionNode = FALSE
	EndGlobalSection
	GlobalSection(ExtensibilityGlobals) = postSolution
		SolutionGuid = {4D94713B-57D5-4BAC-97F0-2A52870B2620}
	EndGlobalSection
EndGlobal
