
Microsoft Visual Studio Solution File, Format Version 12.00
# Visual Studio 15
VisualStudioVersion = 15.0.28307.168
MinimumVisualStudioVersion = 10.0.40219.1
Project("{FAE04EC0-301F-11D3-BF4B-00C04F79EFBC}") = "TestTask", "TestTask\TestTask.csproj", "{EE377617-B851-44E2-9DAA-D2D882F35C12}"
EndProject
Project("{FAE04EC0-301F-11D3-BF4B-00C04F79EFBC}") = "DALPanels", "DALPanels\DALPanels.csproj", "{5794A9EB-37FD-40C2-9A28-D591AB73719E}"
EndProject
Project("{FAE04EC0-301F-11D3-BF4B-00C04F79EFBC}") = "XMLParserTo2D", "XMLParserTo2D\XMLParserTo2D.csproj", "{068DAE6D-23D5-4413-AB63-4F9B425B16DE}"
EndProject
Global
	GlobalSection(SolutionConfigurationPlatforms) = preSolution
		Debug|Any CPU = Debug|Any CPU
		Release|Any CPU = Release|Any CPU
	EndGlobalSection
	GlobalSection(ProjectConfigurationPlatforms) = postSolution
		{EE377617-B851-44E2-9DAA-D2D882F35C12}.Debug|Any CPU.ActiveCfg = Debug|Any CPU
		{EE377617-B851-44E2-9DAA-D2D882F35C12}.Debug|Any CPU.Build.0 = Debug|Any CPU
		{EE377617-B851-44E2-9DAA-D2D882F35C12}.Release|Any CPU.ActiveCfg = Release|Any CPU
		{EE377617-B851-44E2-9DAA-D2D882F35C12}.Release|Any CPU.Build.0 = Release|Any CPU
		{5794A9EB-37FD-40C2-9A28-D591AB73719E}.Debug|Any CPU.ActiveCfg = Debug|Any CPU
		{5794A9EB-37FD-40C2-9A28-D591AB73719E}.Debug|Any CPU.Build.0 = Debug|Any CPU
		{5794A9EB-37FD-40C2-9A28-D591AB73719E}.Release|Any CPU.ActiveCfg = Release|Any CPU
		{5794A9EB-37FD-40C2-9A28-D591AB73719E}.Release|Any CPU.Build.0 = Release|Any CPU
		{068DAE6D-23D5-4413-AB63-4F9B425B16DE}.Debug|Any CPU.ActiveCfg = Debug|Any CPU
		{068DAE6D-23D5-4413-AB63-4F9B425B16DE}.Debug|Any CPU.Build.0 = Debug|Any CPU
		{068DAE6D-23D5-4413-AB63-4F9B425B16DE}.Release|Any CPU.ActiveCfg = Release|Any CPU
		{068DAE6D-23D5-4413-AB63-4F9B425B16DE}.Release|Any CPU.Build.0 = Release|Any CPU
	EndGlobalSection
	GlobalSection(SolutionProperties) = preSolution
		HideSolutionNode = FALSE
	EndGlobalSection
	GlobalSection(ExtensibilityGlobals) = postSolution
		SolutionGuid = {774F4DAF-8CC8-47F7-B7A2-F5C55B0EF660}
	EndGlobalSection
EndGlobal
